{
  "version": 4,
  "terraform_version": "1.7.5",
  "serial": 839,
  "lineage": "2358f90d-604f-5fa9-5f28-fc15441c7608",
  "outputs": {},
  "resources": [
    {
      "mode": "managed",
      "type": "aws_api_gateway_deployment",
      "name": "dev_deployment",
      "provider": "provider[\"registry.terraform.io/hashicorp/aws\"]",
      "instances": [
        {
          "schema_version": 0,
          "attributes": {
            "created_date": "2024-08-14T01:14:28Z",
            "description": "",
            "execution_arn": "arn:aws:execute-api:us-east-1:891377152062:2ktjpydqcc/",
            "id": "5rqp3r",
            "invoke_url": "https://2ktjpydqcc.execute-api.us-east-1.amazonaws.com/",
            "rest_api_id": "2ktjpydqcc",
            "stage_description": null,
            "stage_name": null,
            "triggers": {
              "redeployment": "52d4cbc8e2ca0471e1c37c89d5ed9a471f0d366e"
            },
            "variables": null
          },
          "sensitive_attributes": [],
          "private": "bnVsbA==",
          "dependencies": [
            "aws_api_gateway_rest_api.rest_api"
          ],
          "create_before_destroy": true
        }
      ]
    },
    {
      "mode": "managed",
      "type": "aws_api_gateway_rest_api",
      "name": "rest_api",
      "provider": "provider[\"registry.terraform.io/hashicorp/aws\"]",
      "instances": [
        {
          "schema_version": 0,
          "attributes": {
            "api_key_source": "HEADER",
            "arn": "arn:aws:apigateway:us-east-1::/restapis/2ktjpydqcc",
            "binary_media_types": [],
            "body": "openapi: 3.0.0\ninfo:\n  title: Chess Cloud API\n  description: API for our React-Nave mobile app\n  version: 1.0.0\nservers:\n- url: /\npaths:\n  /login:\n    post:\n      summary: Login to the system\n      description: Logs a user into the system, providing a session token.\n      requestBody:\n        content:\n          application/json:\n            schema:\n              $ref: '#/components/schemas/LoginRequestBody'\n        required: true\n      responses:\n        200:\n          description: Login successful\n          headers:\n            Access-Control-Allow-Origin:\n              schema:\n                type: string\n            Access-Control-Allow-Methods:\n              schema:\n                type: string\n            Access-Control-Allow-Headers:\n              schema:\n                type: string\n          content:\n            application/json:\n              schema:\n                $ref: '#/components/schemas/LoginResponse'\n        400:\n          description: Bad Request\n          content:\n            application/json:\n              schema:\n                $ref: '#/components/schemas/BadRequest'\n        401:\n          description: Unauthorized\n          content:\n            application/json:\n              schema:\n                $ref: '#/components/schemas/Unauthorized'\n      x-amazon-apigateway-integration:\n        type: aws_proxy\n        httpMethod: POST\n        uri: arn:${AWS::Partition}:apigateway:${AWS::Region}:lambda:path/2015-03-31/functions/arn:${AWS::Partition}:lambda:${AWS::Region}:${AWS::AccountId}:function:login/invocations\n        default:\n          statusCode: \"200\"\n          responseParameters:\n            method.response.header.Access-Control-Allow-Headers: '''Content-Type'''\n            method.response.header.Access-Control-Allow-Methods: '''*'''\n            method.response.header.Access-Control-Allow-Origin: '''*'''\n          responseTemplates:\n            application/json: {}\n    options:\n      requestBody:\n        content:\n          application/json:\n            schema:\n              $ref: '#/components/schemas/LoginRequestBody'\n        required: true\n      responses:\n        200:\n          description: 200 response\n          headers:\n            Access-Control-Allow-Origin:\n              schema:\n                type: string\n            Access-Control-Allow-Methods:\n              schema:\n                type: string\n            Access-Control-Allow-Headers:\n              schema:\n                type: string\n          content:\n            application/json:\n              schema:\n                type: object\n      x-amazon-apigateway-integration:\n        type: mock\n        default:\n          statusCode: 200\n          responseParameters:\n            method.response.header.Access-Control-Allow-Headers: '''Content-Type,X-Amz-Date,Authorization,X-Api-Key'''\n            method.response.header.Access-Control-Allow-Methods: '''POST,OPTIONS'''\n            method.response.header.Access-Control-Allow-Origin: '''*'''\n          responseTemplates:\n            application/json: {}\n  /logout:\n    post:\n      summary: Logout\n      description: Logout of the app\n      responses:\n        200:\n          description: Logout Successful\n          content:\n            application/json:\n              schema:\n                $ref: '#/components/schemas/OKResponse'\n      x-amazon-apigateway-integration:\n        type: aws_proxy\n        httpMethod: POST\n        uri: arn:${AWS::Partition}:apigateway:${AWS::Region}:lambda:path/2015-03-31/functions/arn:${AWS::Partition}:lambda:${AWS::Region}:${AWS::AccountId}:function:logout/invocations\n  /register:\n    post:\n      summary: Register to the system\n      description: Registers a user into the system, providing a session token.\n      requestBody:\n        content:\n          application/json:\n            schema:\n              $ref: '#/components/schemas/RegisterRequestBody'\n        required: true\n      responses:\n        200:\n          description: Registration successful\n          content:\n            application/json:\n              schema:\n                $ref: '#/components/schemas/OKResponse'\n        400:\n          description: Bad Request\n          content:\n            application/json:\n              schema:\n                $ref: '#/components/schemas/BadRequest'\n        401:\n          description: Unauthorized\n          content:\n            application/json:\n              schema:\n                $ref: '#/components/schemas/Unauthorized'\n        409:\n          description: Conflict\n          content:\n            application/json:\n              schema:\n                $ref: '#/components/schemas/Conflict'\n      x-amazon-apigateway-integration:\n        type: aws_proxy\n        httpMethod: POST\n        uri: arn:${AWS::Partition}:apigateway:${AWS::Region}:lambda:path/2015-03-31/functions/arn:${AWS::Partition}:lambda:${AWS::Region}:${AWS::AccountId}:function:register/invocations\n        default:\n          statusCode: \"200\"\n          responseParameters:\n            method.response.header.Access-Control-Allow-Headers: '''Content-Type'''\n            method.response.header.Access-Control-Allow-Methods: '''*'''\n            method.response.header.Access-Control-Allow-Origin: '''*'''\n          responseTemplates:\n            application/json: {}\n    options:\n      requestBody:\n        content:\n          application/json:\n            schema:\n              $ref: '#/components/schemas/RegisterRequestBody'\n        required: true\n      responses:\n        200:\n          description: 200 response\n          headers:\n            Access-Control-Allow-Origin:\n              schema:\n                type: string\n            Access-Control-Allow-Methods:\n              schema:\n                type: string\n            Access-Control-Allow-Headers:\n              schema:\n                type: string\n          content:\n            application/json:\n              schema:\n                type: object\n      x-amazon-apigateway-integration:\n        type: mock\n        default:\n          statusCode: 200\n          responseParameters:\n            method.response.header.Access-Control-Allow-Headers: '''Content-Type,X-Amz-Date,Authorization,X-Api-Key'''\n            method.response.header.Access-Control-Allow-Methods: '''POST,OPTIONS'''\n            method.response.header.Access-Control-Allow-Origin: '''*'''\n          responseTemplates:\n            application/json: {}\n  /joinGame:\n    post:\n      summary: Join a game\n      description: Joins a user to an active game\n      responses:\n        200:\n          description: joined game successful\n          content:\n            application/json:\n              schema:\n                $ref: '#/components/schemas/OKResponse'\n      x-amazon-apigateway-integration:\n        type: aws_proxy\n        httpMethod: POST\n        uri: arn:${AWS::Partition}:apigateway:${AWS::Region}:lambda:path/2015-03-31/functions/arn:${AWS::Partition}:lambda:${AWS::Region}:${AWS::AccountId}:function:joinGame/invocations\ncomponents:\n  schemas:\n    LoginRequestBody:\n      required:\n      - email\n      - password\n      type: object\n      properties:\n        email:\n          type: string\n          description: The user's email address\n          format: email\n        password:\n          type: string\n          description: The user's password\n    LoginResponse:\n      type: object\n      properties:\n        jwt:\n          type: string\n          example: eyJhbGciOiJIUzI1NiIsInR5cCI6IkpXVCJ9.eyJzdWIiOiIxMjM0NTY3ODkwIiwibmFtZSI6IkpvaG4gRG9lIiwiaWF0IjoxNTE2MjM5MDIyfQ.SflKxwRJSMeKKF2QT4fwpMeJf36POk6yJV_adQssw5c\n        user:\n          $ref: '#/components/schemas/User'\n    BadRequest:\n      type: object\n      properties:\n        message:\n          type: string\n          example: Bad Request\n    Unauthorized:\n      type: object\n      properties:\n        message:\n          type: string\n          example: Unauthorized\n    OKResponse:\n      type: object\n      properties:\n        message:\n          type: string\n          example: OK\n    RegisterRequestBody:\n      required:\n      - email\n      - password\n      - username\n      type: object\n      properties:\n        email:\n          type: string\n          description: The user's email address\n          format: email\n        username:\n          type: string\n          description: User's username(non-unique)\n        password:\n          type: string\n          description: The user's password\n    Conflict:\n      type: object\n      properties:\n        message:\n          type: string\n          example: Conflict\n    User:\n      type: object\n      properties:\n        id:\n          type: string\n          example: foo-id\n        email:\n          type: string\n          example: fake@gamil.com\n        username:\n          type: string\n          example: foo-username\n",
            "created_date": "2024-08-14T01:14:27Z",
            "description": "API for our React-Nave mobile app",
            "disable_execute_api_endpoint": false,
            "endpoint_configuration": [
              {
                "types": [
                  "EDGE"
                ],
                "vpc_endpoint_ids": []
              }
            ],
            "execution_arn": "arn:aws:execute-api:us-east-1:891377152062:2ktjpydqcc",
            "fail_on_warnings": null,
            "id": "2ktjpydqcc",
            "minimum_compression_size": "",
            "name": "chess-rest-api",
            "parameters": null,
            "policy": "",
            "put_rest_api_mode": null,
            "root_resource_id": "g2mcyq39f5",
            "tags": null,
            "tags_all": {}
          },
          "sensitive_attributes": [],
          "private": "bnVsbA==",
          "create_before_destroy": true
        }
      ]
    },
    {
      "mode": "managed",
      "type": "aws_api_gateway_stage",
      "name": "dev",
      "provider": "provider[\"registry.terraform.io/hashicorp/aws\"]",
      "instances": [
        {
          "schema_version": 0,
          "attributes": {
            "access_log_settings": [],
            "arn": "arn:aws:apigateway:us-east-1::/restapis/2ktjpydqcc/stages/dev",
            "cache_cluster_enabled": false,
            "cache_cluster_size": "",
            "canary_settings": [],
            "client_certificate_id": "",
            "deployment_id": "5rqp3r",
            "description": "",
            "documentation_version": "",
            "execution_arn": "arn:aws:execute-api:us-east-1:891377152062:2ktjpydqcc/dev",
            "id": "ags-2ktjpydqcc-dev",
            "invoke_url": "https://2ktjpydqcc.execute-api.us-east-1.amazonaws.com/dev",
            "rest_api_id": "2ktjpydqcc",
            "stage_name": "dev",
            "tags": null,
            "tags_all": {},
            "variables": null,
            "web_acl_arn": "",
            "xray_tracing_enabled": false
          },
          "sensitive_attributes": [],
          "private": "bnVsbA==",
          "dependencies": [
            "aws_api_gateway_deployment.dev_deployment",
            "aws_api_gateway_rest_api.rest_api"
          ]
        }
      ]
    },
    {
      "mode": "managed",
      "type": "aws_api_gateway_usage_plan",
      "name": "usage_plan",
      "provider": "provider[\"registry.terraform.io/hashicorp/aws\"]",
      "instances": [
        {
          "schema_version": 0,
          "attributes": {
            "api_stages": [
              {
                "api_id": "2ktjpydqcc",
                "stage": "dev",
                "throttle": []
              }
            ],
            "arn": "arn:aws:apigateway:us-east-1::/usageplans/8kiupt",
            "description": "",
            "id": "8kiupt",
            "name": "usage-plan",
            "product_code": "",
            "quota_settings": [],
            "tags": null,
            "tags_all": {},
            "throttle_settings": [
              {
                "burst_limit": 5,
                "rate_limit": 5
              }
            ]
          },
          "sensitive_attributes": [],
          "private": "bnVsbA==",
          "dependencies": [
            "aws_api_gateway_deployment.dev_deployment",
            "aws_api_gateway_rest_api.rest_api",
            "aws_api_gateway_stage.dev"
          ]
        }
      ]
    },
    {
      "mode": "managed",
      "type": "aws_apigatewayv2_api",
      "name": "chess-websocket",
      "provider": "provider[\"registry.terraform.io/hashicorp/aws\"]",
      "instances": [
        {
          "schema_version": 0,
          "attributes": {
            "api_endpoint": "wss://qzhhsu32ie.execute-api.us-east-1.amazonaws.com",
            "api_key_selection_expression": "$request.header.x-api-key",
            "arn": "arn:aws:apigateway:us-east-1::/apis/qzhhsu32ie",
            "body": null,
            "cors_configuration": [],
            "credentials_arn": null,
            "description": "",
            "disable_execute_api_endpoint": false,
            "execution_arn": "arn:aws:execute-api:us-east-1:891377152062:qzhhsu32ie",
            "fail_on_warnings": null,
            "id": "qzhhsu32ie",
            "name": "chess-websocket-api",
            "protocol_type": "WEBSOCKET",
            "route_key": null,
            "route_selection_expression": "$request.body.action",
            "tags": null,
            "tags_all": {},
            "target": null,
            "version": ""
          },
          "sensitive_attributes": [],
          "private": "bnVsbA==",
          "create_before_destroy": true
        }
      ]
    },
    {
      "mode": "managed",
      "type": "aws_apigatewayv2_deployment",
      "name": "websocket-deployment",
      "provider": "provider[\"registry.terraform.io/hashicorp/aws\"]",
      "instances": [
        {
          "schema_version": 0,
          "attributes": {
            "api_id": "qzhhsu32ie",
            "auto_deployed": false,
            "description": "Example deployment",
            "id": "6rn361",
            "triggers": {
              "redeployment": "b5942bc53cba52ef124dfa78546fc04892d32c58"
            }
          },
          "sensitive_attributes": [],
          "private": "bnVsbA==",
          "dependencies": [
            "aws_apigatewayv2_api.chess-websocket",
            "aws_apigatewayv2_integration.connect-integration",
            "aws_apigatewayv2_integration.disconnect-integration",
            "aws_apigatewayv2_route.connect-route",
            "aws_apigatewayv2_route.disconnect-route",
            "aws_iam_role.iam_role_for_lambda",
            "aws_lambda_function.lambda_functions",
            "aws_s3_bucket.lambda_bucket",
            "aws_s3_object.project_jar",
            "random_pet.lambda_bucket_name"
          ],
          "create_before_destroy": true
        }
      ]
    },
    {
      "mode": "managed",
      "type": "aws_apigatewayv2_integration",
      "name": "connect-integration",
      "provider": "provider[\"registry.terraform.io/hashicorp/aws\"]",
      "instances": [
        {
          "schema_version": 0,
          "attributes": {
            "api_id": "qzhhsu32ie",
            "connection_id": "",
            "connection_type": "INTERNET",
            "content_handling_strategy": "",
            "credentials_arn": "",
            "description": "Lambda example",
            "id": "ui3uxn3",
            "integration_method": "POST",
            "integration_response_selection_expression": "",
            "integration_subtype": "",
            "integration_type": "AWS_PROXY",
            "integration_uri": "arn:aws:apigateway:us-east-1:lambda:path/2015-03-31/functions/arn:aws:lambda:us-east-1:891377152062:function:connect/invocations",
            "passthrough_behavior": "WHEN_NO_MATCH",
            "payload_format_version": "1.0",
            "request_parameters": null,
            "request_templates": null,
            "response_parameters": [],
            "template_selection_expression": "",
            "timeout_milliseconds": 29000,
            "tls_config": []
          },
          "sensitive_attributes": [],
          "private": "bnVsbA==",
          "dependencies": [
            "aws_apigatewayv2_api.chess-websocket",
            "aws_iam_role.iam_role_for_lambda",
            "aws_lambda_function.lambda_functions",
            "aws_s3_bucket.lambda_bucket",
            "aws_s3_object.project_jar",
            "random_pet.lambda_bucket_name"
          ],
          "create_before_destroy": true
        }
      ]
    },
    {
      "mode": "managed",
      "type": "aws_apigatewayv2_integration",
      "name": "disconnect-integration",
      "provider": "provider[\"registry.terraform.io/hashicorp/aws\"]",
      "instances": [
        {
          "schema_version": 0,
          "attributes": {
            "api_id": "qzhhsu32ie",
            "connection_id": "",
            "connection_type": "INTERNET",
            "content_handling_strategy": "",
            "credentials_arn": "",
            "description": "Lambda example",
            "id": "edn3p96",
            "integration_method": "POST",
            "integration_response_selection_expression": "",
            "integration_subtype": "",
            "integration_type": "AWS_PROXY",
            "integration_uri": "arn:aws:apigateway:us-east-1:lambda:path/2015-03-31/functions/arn:aws:lambda:us-east-1:891377152062:function:disconnect/invocations",
            "passthrough_behavior": "WHEN_NO_MATCH",
            "payload_format_version": "1.0",
            "request_parameters": null,
            "request_templates": null,
            "response_parameters": [],
            "template_selection_expression": "",
            "timeout_milliseconds": 29000,
            "tls_config": []
          },
          "sensitive_attributes": [],
          "private": "bnVsbA==",
          "dependencies": [
            "aws_apigatewayv2_api.chess-websocket",
            "aws_iam_role.iam_role_for_lambda",
            "aws_lambda_function.lambda_functions",
            "aws_s3_bucket.lambda_bucket",
            "aws_s3_object.project_jar",
            "random_pet.lambda_bucket_name"
          ],
          "create_before_destroy": true
        }
      ]
    },
    {
      "mode": "managed",
      "type": "aws_apigatewayv2_route",
      "name": "connect-route",
      "provider": "provider[\"registry.terraform.io/hashicorp/aws\"]",
      "instances": [
        {
          "schema_version": 0,
          "attributes": {
            "api_id": "qzhhsu32ie",
            "api_key_required": false,
            "authorization_scopes": null,
            "authorization_type": "NONE",
            "authorizer_id": "",
            "id": "yp3wk8e",
            "model_selection_expression": "",
            "operation_name": "",
            "request_models": null,
            "request_parameter": [],
            "route_key": "$connect",
            "route_response_selection_expression": "",
            "target": "integrations/ui3uxn3"
          },
          "sensitive_attributes": [],
          "private": "bnVsbA==",
          "dependencies": [
            "aws_apigatewayv2_api.chess-websocket",
            "aws_apigatewayv2_integration.connect-integration",
            "aws_iam_role.iam_role_for_lambda",
            "aws_lambda_function.lambda_functions",
            "aws_s3_bucket.lambda_bucket",
            "aws_s3_object.project_jar",
            "random_pet.lambda_bucket_name"
          ],
          "create_before_destroy": true
        }
      ]
    },
    {
      "mode": "managed",
      "type": "aws_apigatewayv2_route",
      "name": "disconnect-route",
      "provider": "provider[\"registry.terraform.io/hashicorp/aws\"]",
      "instances": [
        {
          "schema_version": 0,
          "attributes": {
            "api_id": "qzhhsu32ie",
            "api_key_required": false,
            "authorization_scopes": null,
            "authorization_type": "NONE",
            "authorizer_id": "",
            "id": "fs7r7ra",
            "model_selection_expression": "",
            "operation_name": "",
            "request_models": null,
            "request_parameter": [],
            "route_key": "$disconnect",
            "route_response_selection_expression": "",
            "target": "integrations/edn3p96"
          },
          "sensitive_attributes": [],
          "private": "bnVsbA==",
          "dependencies": [
            "aws_apigatewayv2_api.chess-websocket",
            "aws_apigatewayv2_integration.disconnect-integration",
            "aws_iam_role.iam_role_for_lambda",
            "aws_lambda_function.lambda_functions",
            "aws_s3_bucket.lambda_bucket",
            "aws_s3_object.project_jar",
            "random_pet.lambda_bucket_name"
          ],
          "create_before_destroy": true
        }
      ]
    },
    {
      "mode": "managed",
      "type": "aws_apigatewayv2_stage",
      "name": "dev-stage",
      "provider": "provider[\"registry.terraform.io/hashicorp/aws\"]",
      "instances": [
        {
          "schema_version": 0,
          "attributes": {
            "access_log_settings": [],
            "api_id": "qzhhsu32ie",
            "arn": "arn:aws:apigateway:us-east-1::/apis/qzhhsu32ie/stages/dev",
            "auto_deploy": false,
            "client_certificate_id": "",
            "default_route_settings": [
              {
                "data_trace_enabled": false,
                "detailed_metrics_enabled": false,
                "logging_level": "OFF",
                "throttling_burst_limit": 0,
                "throttling_rate_limit": 0
              }
            ],
            "deployment_id": "",
            "description": "",
            "execution_arn": "arn:aws:execute-api:us-east-1:891377152062:qzhhsu32ie/dev",
            "id": "dev",
            "invoke_url": "wss://qzhhsu32ie.execute-api.us-east-1.amazonaws.com/dev",
            "name": "dev",
            "route_settings": [],
            "stage_variables": null,
            "tags": null,
            "tags_all": {}
          },
          "sensitive_attributes": [],
          "private": "bnVsbA==",
          "dependencies": [
            "aws_apigatewayv2_api.chess-websocket"
          ]
        }
      ]
    },
    {
      "mode": "managed",
      "type": "aws_iam_role",
      "name": "iam_role_for_lambda",
      "provider": "provider[\"registry.terraform.io/hashicorp/aws\"]",
      "instances": [
        {
          "schema_version": 0,
          "attributes": {
            "arn": "arn:aws:iam::891377152062:role/lambda_invoke_role",
            "assume_role_policy": "{\"Statement\":[{\"Action\":\"sts:AssumeRole\",\"Effect\":\"Allow\",\"Principal\":{\"Service\":\"lambda.amazonaws.com\"}}],\"Version\":\"2012-10-17\"}",
            "create_date": "2024-08-14T01:14:26Z",
            "description": "",
            "force_detach_policies": false,
            "id": "lambda_invoke_role",
            "inline_policy": [],
            "managed_policy_arns": [],
            "max_session_duration": 3600,
            "name": "lambda_invoke_role",
            "name_prefix": "",
            "path": "/",
            "permissions_boundary": "",
            "tags": null,
            "tags_all": {},
            "unique_id": "AROA47CRX6A7IB7XK2MRV"
          },
          "sensitive_attributes": [],
          "private": "bnVsbA==",
          "create_before_destroy": true
        }
      ]
    },
    {
      "mode": "managed",
      "type": "aws_iam_role_policy_attachment",
      "name": "invoke_lambda_policy",
      "provider": "provider[\"registry.terraform.io/hashicorp/aws\"]",
      "instances": [
        {
          "schema_version": 0,
          "attributes": {
            "id": "lambda_invoke_role-20240814011427695400000003",
            "policy_arn": "arn:aws:iam::aws:policy/service-role/AWSLambdaBasicExecutionRole",
            "role": "lambda_invoke_role"
          },
          "sensitive_attributes": [],
          "private": "bnVsbA==",
          "dependencies": [
            "aws_iam_role.iam_role_for_lambda"
          ]
        }
      ]
    },
    {
      "mode": "managed",
      "type": "aws_lambda_function",
      "name": "lambda_functions",
      "provider": "provider[\"registry.terraform.io/hashicorp/aws\"]",
      "instances": [
        {
          "index_key": "connect",
          "schema_version": 0,
          "attributes": {
            "architectures": [
              "x86_64"
            ],
            "arn": "arn:aws:lambda:us-east-1:891377152062:function:connect",
            "code_signing_config_arn": "",
            "dead_letter_config": [],
            "description": "",
            "environment": [],
            "ephemeral_storage": [
              {
                "size": 512
              }
            ],
            "file_system_config": [],
            "filename": null,
            "function_name": "connect",
            "handler": "org.example.handlers.connect.ConnectHandler::handleRequest",
            "id": "connect",
            "image_config": [],
            "image_uri": "",
            "invoke_arn": "arn:aws:apigateway:us-east-1:lambda:path/2015-03-31/functions/arn:aws:lambda:us-east-1:891377152062:function:connect/invocations",
            "kms_key_arn": "",
            "last_modified": "2024-08-14T01:14:33.482+0000",
            "layers": null,
            "logging_config": [
              {
                "application_log_level": "",
                "log_format": "Text",
                "log_group": "/aws/lambda/connect",
                "system_log_level": ""
              }
            ],
            "memory_size": 1536,
            "package_type": "Zip",
            "publish": false,
            "qualified_arn": "arn:aws:lambda:us-east-1:891377152062:function:connect:$LATEST",
            "qualified_invoke_arn": "arn:aws:apigateway:us-east-1:lambda:path/2015-03-31/functions/arn:aws:lambda:us-east-1:891377152062:function:connect:$LATEST/invocations",
            "replace_security_groups_on_destroy": null,
            "replacement_security_group_ids": null,
            "reserved_concurrent_executions": -1,
            "role": "arn:aws:iam::891377152062:role/lambda_invoke_role",
            "runtime": "java17",
            "s3_bucket": "lambda-workable-drum",
            "s3_key": "chess.jar",
            "s3_object_version": null,
            "signing_job_arn": "",
            "signing_profile_version_arn": "",
            "skip_destroy": false,
            "snap_start": [],
            "source_code_hash": "b9Ooy/REgeoYvbiH/Ka7ezILsgnYTCr9onRgNWh8T6w=",
            "source_code_size": 23953264,
            "tags": null,
            "tags_all": {},
            "timeout": 3,
            "timeouts": null,
            "tracing_config": [
              {
                "mode": "PassThrough"
              }
            ],
            "version": "$LATEST",
            "vpc_config": []
          },
          "sensitive_attributes": [],
          "private": "eyJlMmJmYjczMC1lY2FhLTExZTYtOGY4OC0zNDM2M2JjN2M0YzAiOnsiY3JlYXRlIjo2MDAwMDAwMDAwMDAsImRlbGV0ZSI6NjAwMDAwMDAwMDAwLCJ1cGRhdGUiOjYwMDAwMDAwMDAwMH19",
          "dependencies": [
            "aws_iam_role.iam_role_for_lambda",
            "aws_s3_bucket.lambda_bucket",
            "aws_s3_object.project_jar",
            "random_pet.lambda_bucket_name"
          ],
          "create_before_destroy": true
        },
        {
          "index_key": "disconnect",
          "schema_version": 0,
          "attributes": {
            "architectures": [
              "x86_64"
            ],
            "arn": "arn:aws:lambda:us-east-1:891377152062:function:disconnect",
            "code_signing_config_arn": "",
            "dead_letter_config": [],
            "description": "",
            "environment": [],
            "ephemeral_storage": [
              {
                "size": 512
              }
            ],
            "file_system_config": [],
            "filename": null,
            "function_name": "disconnect",
            "handler": "org.example.handlers.disconnect.DisconnectHandler::handleRequest",
            "id": "disconnect",
            "image_config": [],
            "image_uri": "",
            "invoke_arn": "arn:aws:apigateway:us-east-1:lambda:path/2015-03-31/functions/arn:aws:lambda:us-east-1:891377152062:function:disconnect/invocations",
            "kms_key_arn": "",
            "last_modified": "2024-08-14T01:14:33.274+0000",
            "layers": null,
            "logging_config": [
              {
                "application_log_level": "",
                "log_format": "Text",
                "log_group": "/aws/lambda/disconnect",
                "system_log_level": ""
              }
            ],
            "memory_size": 1536,
            "package_type": "Zip",
            "publish": false,
            "qualified_arn": "arn:aws:lambda:us-east-1:891377152062:function:disconnect:$LATEST",
            "qualified_invoke_arn": "arn:aws:apigateway:us-east-1:lambda:path/2015-03-31/functions/arn:aws:lambda:us-east-1:891377152062:function:disconnect:$LATEST/invocations",
            "replace_security_groups_on_destroy": null,
            "replacement_security_group_ids": null,
            "reserved_concurrent_executions": -1,
            "role": "arn:aws:iam::891377152062:role/lambda_invoke_role",
            "runtime": "java17",
            "s3_bucket": "lambda-workable-drum",
            "s3_key": "chess.jar",
            "s3_object_version": null,
            "signing_job_arn": "",
            "signing_profile_version_arn": "",
            "skip_destroy": false,
            "snap_start": [],
            "source_code_hash": "b9Ooy/REgeoYvbiH/Ka7ezILsgnYTCr9onRgNWh8T6w=",
            "source_code_size": 23953264,
            "tags": null,
            "tags_all": {},
            "timeout": 3,
            "timeouts": null,
            "tracing_config": [
              {
                "mode": "PassThrough"
              }
            ],
            "version": "$LATEST",
            "vpc_config": []
          },
          "sensitive_attributes": [],
          "private": "eyJlMmJmYjczMC1lY2FhLTExZTYtOGY4OC0zNDM2M2JjN2M0YzAiOnsiY3JlYXRlIjo2MDAwMDAwMDAwMDAsImRlbGV0ZSI6NjAwMDAwMDAwMDAwLCJ1cGRhdGUiOjYwMDAwMDAwMDAwMH19",
          "dependencies": [
            "aws_iam_role.iam_role_for_lambda",
            "aws_s3_bucket.lambda_bucket",
            "aws_s3_object.project_jar",
            "random_pet.lambda_bucket_name"
          ],
          "create_before_destroy": true
        },
        {
          "index_key": "login",
          "schema_version": 0,
          "attributes": {
            "architectures": [
              "x86_64"
            ],
            "arn": "arn:aws:lambda:us-east-1:891377152062:function:login",
            "code_signing_config_arn": "",
            "dead_letter_config": [],
            "description": "",
            "environment": [],
            "ephemeral_storage": [
              {
                "size": 512
              }
            ],
            "file_system_config": [],
            "filename": null,
            "function_name": "login",
            "handler": "org.example.handlers.login.LoginHandler::handleRequest",
            "id": "login",
            "image_config": [],
            "image_uri": "",
            "invoke_arn": "arn:aws:apigateway:us-east-1:lambda:path/2015-03-31/functions/arn:aws:lambda:us-east-1:891377152062:function:login/invocations",
            "kms_key_arn": "",
            "last_modified": "2024-08-14T01:14:33.297+0000",
            "layers": null,
            "logging_config": [
              {
                "application_log_level": "",
                "log_format": "Text",
                "log_group": "/aws/lambda/login",
                "system_log_level": ""
              }
            ],
            "memory_size": 1536,
            "package_type": "Zip",
            "publish": false,
            "qualified_arn": "arn:aws:lambda:us-east-1:891377152062:function:login:$LATEST",
            "qualified_invoke_arn": "arn:aws:apigateway:us-east-1:lambda:path/2015-03-31/functions/arn:aws:lambda:us-east-1:891377152062:function:login:$LATEST/invocations",
            "replace_security_groups_on_destroy": null,
            "replacement_security_group_ids": null,
            "reserved_concurrent_executions": -1,
            "role": "arn:aws:iam::891377152062:role/lambda_invoke_role",
            "runtime": "java17",
            "s3_bucket": "lambda-workable-drum",
            "s3_key": "chess.jar",
            "s3_object_version": null,
            "signing_job_arn": "",
            "signing_profile_version_arn": "",
            "skip_destroy": false,
            "snap_start": [],
            "source_code_hash": "b9Ooy/REgeoYvbiH/Ka7ezILsgnYTCr9onRgNWh8T6w=",
            "source_code_size": 23953264,
            "tags": null,
            "tags_all": {},
            "timeout": 3,
            "timeouts": null,
            "tracing_config": [
              {
                "mode": "PassThrough"
              }
            ],
            "version": "$LATEST",
            "vpc_config": []
          },
          "sensitive_attributes": [],
          "private": "eyJlMmJmYjczMC1lY2FhLTExZTYtOGY4OC0zNDM2M2JjN2M0YzAiOnsiY3JlYXRlIjo2MDAwMDAwMDAwMDAsImRlbGV0ZSI6NjAwMDAwMDAwMDAwLCJ1cGRhdGUiOjYwMDAwMDAwMDAwMH19",
          "dependencies": [
            "aws_iam_role.iam_role_for_lambda",
            "aws_s3_bucket.lambda_bucket",
            "aws_s3_object.project_jar",
            "random_pet.lambda_bucket_name"
          ]
        },
        {
          "index_key": "logout",
          "schema_version": 0,
          "attributes": {
            "architectures": [
              "x86_64"
            ],
            "arn": "arn:aws:lambda:us-east-1:891377152062:function:logout",
            "code_signing_config_arn": "",
            "dead_letter_config": [],
            "description": "",
            "environment": [],
            "ephemeral_storage": [
              {
                "size": 512
              }
            ],
            "file_system_config": [],
            "filename": null,
            "function_name": "logout",
            "handler": "org.example.handlers.logout.LogoutHandler::handleRequest",
            "id": "logout",
            "image_config": [],
            "image_uri": "",
            "invoke_arn": "arn:aws:apigateway:us-east-1:lambda:path/2015-03-31/functions/arn:aws:lambda:us-east-1:891377152062:function:logout/invocations",
            "kms_key_arn": "",
            "last_modified": "2024-08-14T01:14:35.223+0000",
            "layers": null,
            "logging_config": [
              {
                "application_log_level": "",
                "log_format": "Text",
                "log_group": "/aws/lambda/logout",
                "system_log_level": ""
              }
            ],
            "memory_size": 1536,
            "package_type": "Zip",
            "publish": false,
            "qualified_arn": "arn:aws:lambda:us-east-1:891377152062:function:logout:$LATEST",
            "qualified_invoke_arn": "arn:aws:apigateway:us-east-1:lambda:path/2015-03-31/functions/arn:aws:lambda:us-east-1:891377152062:function:logout:$LATEST/invocations",
            "replace_security_groups_on_destroy": null,
            "replacement_security_group_ids": null,
            "reserved_concurrent_executions": -1,
            "role": "arn:aws:iam::891377152062:role/lambda_invoke_role",
            "runtime": "java17",
            "s3_bucket": "lambda-workable-drum",
            "s3_key": "chess.jar",
            "s3_object_version": null,
            "signing_job_arn": "",
            "signing_profile_version_arn": "",
            "skip_destroy": false,
            "snap_start": [],
            "source_code_hash": "b9Ooy/REgeoYvbiH/Ka7ezILsgnYTCr9onRgNWh8T6w=",
            "source_code_size": 23953264,
            "tags": null,
            "tags_all": {},
            "timeout": 3,
            "timeouts": null,
            "tracing_config": [
              {
                "mode": "PassThrough"
              }
            ],
            "version": "$LATEST",
            "vpc_config": []
          },
          "sensitive_attributes": [],
          "private": "eyJlMmJmYjczMC1lY2FhLTExZTYtOGY4OC0zNDM2M2JjN2M0YzAiOnsiY3JlYXRlIjo2MDAwMDAwMDAwMDAsImRlbGV0ZSI6NjAwMDAwMDAwMDAwLCJ1cGRhdGUiOjYwMDAwMDAwMDAwMH19",
          "dependencies": [
            "aws_iam_role.iam_role_for_lambda",
            "aws_s3_bucket.lambda_bucket",
            "aws_s3_object.project_jar",
            "random_pet.lambda_bucket_name"
          ]
        },
        {
          "index_key": "register",
          "schema_version": 0,
          "attributes": {
            "architectures": [
              "x86_64"
            ],
            "arn": "arn:aws:lambda:us-east-1:891377152062:function:register",
            "code_signing_config_arn": "",
            "dead_letter_config": [],
            "description": "",
            "environment": [],
            "ephemeral_storage": [
              {
                "size": 512
              }
            ],
            "file_system_config": [],
            "filename": null,
            "function_name": "register",
            "handler": "org.example.handlers.register.RegisterHandler::handleRequest",
            "id": "register",
            "image_config": [],
            "image_uri": "",
            "invoke_arn": "arn:aws:apigateway:us-east-1:lambda:path/2015-03-31/functions/arn:aws:lambda:us-east-1:891377152062:function:register/invocations",
            "kms_key_arn": "",
            "last_modified": "2024-08-14T01:14:33.220+0000",
            "layers": null,
            "logging_config": [
              {
                "application_log_level": "",
                "log_format": "Text",
                "log_group": "/aws/lambda/register",
                "system_log_level": ""
              }
            ],
            "memory_size": 1536,
            "package_type": "Zip",
            "publish": false,
            "qualified_arn": "arn:aws:lambda:us-east-1:891377152062:function:register:$LATEST",
            "qualified_invoke_arn": "arn:aws:apigateway:us-east-1:lambda:path/2015-03-31/functions/arn:aws:lambda:us-east-1:891377152062:function:register:$LATEST/invocations",
            "replace_security_groups_on_destroy": null,
            "replacement_security_group_ids": null,
            "reserved_concurrent_executions": -1,
            "role": "arn:aws:iam::891377152062:role/lambda_invoke_role",
            "runtime": "java17",
            "s3_bucket": "lambda-workable-drum",
            "s3_key": "chess.jar",
            "s3_object_version": null,
            "signing_job_arn": "",
            "signing_profile_version_arn": "",
            "skip_destroy": false,
            "snap_start": [],
            "source_code_hash": "b9Ooy/REgeoYvbiH/Ka7ezILsgnYTCr9onRgNWh8T6w=",
            "source_code_size": 23953264,
            "tags": null,
            "tags_all": {},
            "timeout": 3,
            "timeouts": null,
            "tracing_config": [
              {
                "mode": "PassThrough"
              }
            ],
            "version": "$LATEST",
            "vpc_config": []
          },
          "sensitive_attributes": [],
          "private": "eyJlMmJmYjczMC1lY2FhLTExZTYtOGY4OC0zNDM2M2JjN2M0YzAiOnsiY3JlYXRlIjo2MDAwMDAwMDAwMDAsImRlbGV0ZSI6NjAwMDAwMDAwMDAwLCJ1cGRhdGUiOjYwMDAwMDAwMDAwMH19",
          "dependencies": [
            "aws_iam_role.iam_role_for_lambda",
            "aws_s3_bucket.lambda_bucket",
            "aws_s3_object.project_jar",
            "random_pet.lambda_bucket_name"
          ]
        }
      ]
    },
    {
      "mode": "managed",
      "type": "aws_lambda_permission",
      "name": "lambda_permission",
      "provider": "provider[\"registry.terraform.io/hashicorp/aws\"]",
      "instances": [
        {
          "index_key": "login",
          "schema_version": 0,
          "attributes": {
            "action": "lambda:InvokeFunction",
            "event_source_token": null,
            "function_name": "login",
            "function_url_auth_type": null,
            "id": "terraform-20240814011428104100000005",
            "principal": "apigateway.amazonaws.com",
            "principal_org_id": null,
            "qualifier": "",
            "source_account": null,
            "source_arn": "arn:aws:execute-api:us-east-1:891377152062:2ktjpydqcc/*",
            "statement_id": "terraform-20240814011428104100000005",
            "statement_id_prefix": "terraform-"
          },
          "sensitive_attributes": [],
          "private": "bnVsbA==",
          "dependencies": [
            "aws_api_gateway_rest_api.rest_api"
          ]
        },
        {
          "index_key": "logout",
          "schema_version": 0,
          "attributes": {
            "action": "lambda:InvokeFunction",
            "event_source_token": null,
            "function_name": "logout",
            "function_url_auth_type": null,
            "id": "terraform-20240814011428104100000004",
            "principal": "apigateway.amazonaws.com",
            "principal_org_id": null,
            "qualifier": "",
            "source_account": null,
            "source_arn": "arn:aws:execute-api:us-east-1:891377152062:2ktjpydqcc/*",
            "statement_id": "terraform-20240814011428104100000004",
            "statement_id_prefix": "terraform-"
          },
          "sensitive_attributes": [],
          "private": "bnVsbA==",
          "dependencies": [
            "aws_api_gateway_rest_api.rest_api"
          ]
        },
        {
          "index_key": "register",
          "schema_version": 0,
          "attributes": {
            "action": "lambda:InvokeFunction",
            "event_source_token": null,
            "function_name": "register",
            "function_url_auth_type": null,
            "id": "terraform-20240814011428105100000006",
            "principal": "apigateway.amazonaws.com",
            "principal_org_id": null,
            "qualifier": "",
            "source_account": null,
            "source_arn": "arn:aws:execute-api:us-east-1:891377152062:2ktjpydqcc/*",
            "statement_id": "terraform-20240814011428105100000006",
            "statement_id_prefix": "terraform-"
          },
          "sensitive_attributes": [],
          "private": "bnVsbA==",
          "dependencies": [
            "aws_api_gateway_rest_api.rest_api"
          ]
        }
      ]
    },
    {
      "mode": "managed",
      "type": "aws_lambda_permission",
      "name": "lambda_ws_permission",
      "provider": "provider[\"registry.terraform.io/hashicorp/aws\"]",
      "instances": [
        {
          "index_key": "connect",
          "schema_version": 0,
          "attributes": {
            "action": "lambda:InvokeFunction",
            "event_source_token": null,
            "function_name": "connect",
            "function_url_auth_type": null,
            "id": "terraform-20240814011427363600000002",
            "principal": "apigateway.amazonaws.com",
            "principal_org_id": null,
            "qualifier": "",
            "source_account": null,
            "source_arn": "arn:aws:execute-api:us-east-1:891377152062:qzhhsu32ie/*",
            "statement_id": "terraform-20240814011427363600000002",
            "statement_id_prefix": "terraform-"
          },
          "sensitive_attributes": [],
          "private": "bnVsbA==",
          "dependencies": [
            "aws_apigatewayv2_api.chess-websocket"
          ]
        },
        {
          "index_key": "disconnect",
          "schema_version": 0,
          "attributes": {
            "action": "lambda:InvokeFunction",
            "event_source_token": null,
            "function_name": "disconnect",
            "function_url_auth_type": null,
            "id": "terraform-20240814011427363600000001",
            "principal": "apigateway.amazonaws.com",
            "principal_org_id": null,
            "qualifier": "",
            "source_account": null,
            "source_arn": "arn:aws:execute-api:us-east-1:891377152062:qzhhsu32ie/*",
            "statement_id": "terraform-20240814011427363600000001",
            "statement_id_prefix": "terraform-"
          },
          "sensitive_attributes": [],
          "private": "bnVsbA==",
          "dependencies": [
            "aws_apigatewayv2_api.chess-websocket"
          ]
        }
      ]
    },
    {
      "mode": "managed",
      "type": "aws_s3_bucket",
      "name": "lambda_bucket",
      "provider": "provider[\"registry.terraform.io/hashicorp/aws\"]",
      "instances": [
        {
          "schema_version": 0,
          "attributes": {
            "acceleration_status": "",
            "acl": null,
            "arn": "arn:aws:s3:::lambda-workable-drum",
            "bucket": "lambda-workable-drum",
            "bucket_domain_name": "lambda-workable-drum.s3.amazonaws.com",
            "bucket_prefix": "",
            "bucket_regional_domain_name": "lambda-workable-drum.s3.us-east-1.amazonaws.com",
            "cors_rule": [],
            "force_destroy": true,
            "grant": [
              {
                "id": "6612752e1f601896e0dcda2681fb61c010e3f0a0148a38cad63105f93d52ea74",
                "permissions": [
                  "FULL_CONTROL"
                ],
                "type": "CanonicalUser",
                "uri": ""
              }
            ],
            "hosted_zone_id": "Z3AQBSTGFYJSTF",
            "id": "lambda-workable-drum",
            "lifecycle_rule": [],
            "logging": [],
            "object_lock_configuration": [],
            "object_lock_enabled": false,
            "policy": "",
            "region": "us-east-1",
            "replication_configuration": [],
            "request_payer": "BucketOwner",
            "server_side_encryption_configuration": [
              {
                "rule": [
                  {
                    "apply_server_side_encryption_by_default": [
                      {
                        "kms_master_key_id": "",
                        "sse_algorithm": "AES256"
                      }
                    ],
                    "bucket_key_enabled": false
                  }
                ]
              }
            ],
            "tags": null,
            "tags_all": {},
            "timeouts": null,
            "versioning": [
              {
                "enabled": false,
                "mfa_delete": false
              }
            ],
            "website": [],
            "website_domain": null,
            "website_endpoint": null
          },
          "sensitive_attributes": [],
          "private": "eyJlMmJmYjczMC1lY2FhLTExZTYtOGY4OC0zNDM2M2JjN2M0YzAiOnsiY3JlYXRlIjoxMjAwMDAwMDAwMDAwLCJkZWxldGUiOjM2MDAwMDAwMDAwMDAsInJlYWQiOjEyMDAwMDAwMDAwMDAsInVwZGF0ZSI6MTIwMDAwMDAwMDAwMH19",
          "dependencies": [
            "random_pet.lambda_bucket_name"
          ],
          "create_before_destroy": true
        }
      ]
    },
    {
      "mode": "managed",
      "type": "aws_s3_bucket_public_access_block",
      "name": "lambda_bucket",
      "provider": "provider[\"registry.terraform.io/hashicorp/aws\"]",
      "instances": [
        {
          "schema_version": 0,
          "attributes": {
            "block_public_acls": true,
            "block_public_policy": true,
            "bucket": "lambda-workable-drum",
            "id": "lambda-workable-drum",
            "ignore_public_acls": true,
            "restrict_public_buckets": true
          },
          "sensitive_attributes": [],
          "private": "bnVsbA==",
          "dependencies": [
            "aws_s3_bucket.lambda_bucket",
            "random_pet.lambda_bucket_name"
          ]
        }
      ]
    },
    {
      "mode": "managed",
      "type": "aws_s3_object",
      "name": "project_jar",
      "provider": "provider[\"registry.terraform.io/hashicorp/aws\"]",
      "instances": [
        {
          "schema_version": 0,
          "attributes": {
            "acl": null,
            "arn": "arn:aws:s3:::lambda-workable-drum/chess.jar",
            "bucket": "lambda-workable-drum",
            "bucket_key_enabled": false,
            "cache_control": "",
            "checksum_algorithm": null,
            "checksum_crc32": "",
            "checksum_crc32c": "",
            "checksum_sha1": "",
            "checksum_sha256": "",
            "content": null,
            "content_base64": null,
            "content_disposition": "",
            "content_encoding": "",
            "content_language": "",
            "content_type": "jar",
            "etag": "7d6a3f178fe76d95553810164a3c71d8-5",
            "force_destroy": false,
            "id": "chess.jar",
            "key": "chess.jar",
            "kms_key_id": null,
            "metadata": null,
            "object_lock_legal_hold_status": "",
            "object_lock_mode": "",
            "object_lock_retain_until_date": "",
            "override_provider": [],
            "server_side_encryption": "AES256",
            "source": "../.././target/chess-cloud-1.0-SNAPSHOT.jar",
            "source_hash": null,
            "storage_class": "STANDARD",
            "tags": null,
            "tags_all": {},
            "version_id": "",
            "website_redirect": ""
          },
          "sensitive_attributes": [],
          "private": "bnVsbA==",
          "dependencies": [
            "aws_s3_bucket.lambda_bucket",
            "random_pet.lambda_bucket_name"
          ],
          "create_before_destroy": true
        }
      ]
    },
    {
      "mode": "managed",
      "type": "random_pet",
      "name": "lambda_bucket_name",
      "provider": "provider[\"registry.terraform.io/hashicorp/random\"]",
      "instances": [
        {
          "schema_version": 0,
          "attributes": {
            "id": "lambda-workable-drum",
            "keepers": null,
            "length": 2,
            "prefix": "lambda",
            "separator": "-"
          },
          "sensitive_attributes": [],
          "create_before_destroy": true
        }
      ]
    }
  ],
  "check_results": null
}
