{
  "version": 4,
  "terraform_version": "1.7.5",
  "serial": 501,
  "lineage": "2358f90d-604f-5fa9-5f28-fc15441c7608",
  "outputs": {},
  "resources": [
    {
      "mode": "managed",
      "type": "aws_api_gateway_deployment",
      "name": "dev_deployment",
      "provider": "provider[\"registry.terraform.io/hashicorp/aws\"]",
      "instances": [
        {
          "schema_version": 0,
          "attributes": {
            "created_date": "2024-04-18T02:06:53Z",
            "description": "",
            "execution_arn": "arn:aws:execute-api:us-east-1:891377152062:jqvrnfo1z4/",
            "id": "pylfg9",
            "invoke_url": "https://jqvrnfo1z4.execute-api.us-east-1.amazonaws.com/",
            "rest_api_id": "jqvrnfo1z4",
            "stage_description": null,
            "stage_name": null,
            "triggers": {
              "redeployment": "6d06be89bc31a6ca007b56a104f2a9bd1d32f952"
            },
            "variables": null
          },
          "sensitive_attributes": [],
          "private": "bnVsbA==",
          "dependencies": [
            "aws_api_gateway_rest_api.rest_api"
          ],
          "create_before_destroy": true
        }
      ]
    },
    {
      "mode": "managed",
      "type": "aws_api_gateway_rest_api",
      "name": "rest_api",
      "provider": "provider[\"registry.terraform.io/hashicorp/aws\"]",
      "instances": [
        {
          "schema_version": 0,
          "attributes": {
            "api_key_source": "HEADER",
            "arn": "arn:aws:apigateway:us-east-1::/restapis/jqvrnfo1z4",
            "binary_media_types": [],
            "body": "openapi: 3.0.0\ninfo:\n  title: Chess Cloud API\n  description: API for our React-Nave mobile app\n  version: 1.0.0\nservers:\n- url: /\npaths:\n  /login:\n    post:\n      summary: Login to the system\n      description: Logs a user into the system, providing a session token.\n      requestBody:\n        content:\n          application/json:\n            schema:\n              $ref: '#/components/schemas/LoginRequestBody'\n        required: true\n      responses:\n        200:\n          description: Login successful\n          content:\n            application/json:\n              schema:\n                $ref: '#/components/schemas/LoginResponse'\n        400:\n          description: Bad Request\n          content:\n            application/json:\n              schema:\n                $ref: '#/components/schemas/BadRequest'\n        401:\n          description: Unauthorized\n          content:\n            application/json:\n              schema:\n                $ref: '#/components/schemas/Unauthorized'\n      x-amazon-apigateway-integration:\n        type: aws_proxy\n        httpMethod: POST\n        uri: arn:${AWS::Partition}:apigateway:${AWS::Region}:lambda:path/2015-03-31/functions/arn:${AWS::Partition}:lambda:${AWS::Region}:${AWS::AccountId}:function:login/invocations\n  /logout:\n    post:\n      summary: Logout\n      description: Logout of the app\n      responses:\n        200:\n          description: Logout Successful\n          content:\n            application/json:\n              schema:\n                $ref: '#/components/schemas/OKResponse'\n      x-amazon-apigateway-integration:\n        type: aws_proxy\n        httpMethod: POST\n        uri: arn:${AWS::Partition}:apigateway:${AWS::Region}:lambda:path/2015-03-31/functions/arn:${AWS::Partition}:lambda:${AWS::Region}:${AWS::AccountId}:function:logout/invocations\ncomponents:\n  schemas:\n    LoginRequestBody:\n      required:\n      - email\n      - password\n      type: object\n      properties:\n        email:\n          type: string\n          description: The user's email address\n          format: email\n        password:\n          type: string\n          description: The user's password\n    LoginResponse:\n      type: object\n      properties:\n        jwt:\n          type: string\n          example: eyJhbGciOiJIUzI1NiIsInR5cCI6IkpXVCJ9.eyJzdWIiOiIxMjM0NTY3ODkwIiwibmFtZSI6IkpvaG4gRG9lIiwiaWF0IjoxNTE2MjM5MDIyfQ.SflKxwRJSMeKKF2QT4fwpMeJf36POk6yJV_adQssw5c\n    BadRequest:\n      type: object\n      properties:\n        message:\n          type: string\n          example: Bad Request\n    Unauthorized:\n      type: object\n      properties:\n        message:\n          type: string\n          example: Unauthorized\n    OKResponse:\n      type: object\n      properties:\n        message:\n          type: string\n          example: OK\n",
            "created_date": "2024-04-18T02:06:52Z",
            "description": "API for our React-Nave mobile app",
            "disable_execute_api_endpoint": false,
            "endpoint_configuration": [
              {
                "types": [
                  "EDGE"
                ],
                "vpc_endpoint_ids": []
              }
            ],
            "execution_arn": "arn:aws:execute-api:us-east-1:891377152062:jqvrnfo1z4",
            "fail_on_warnings": null,
            "id": "jqvrnfo1z4",
            "minimum_compression_size": "",
            "name": "chess-rest-api",
            "parameters": null,
            "policy": "",
            "put_rest_api_mode": null,
            "root_resource_id": "gzheg1qwne",
            "tags": {},
            "tags_all": {}
          },
          "sensitive_attributes": [],
          "private": "bnVsbA==",
          "create_before_destroy": true
        }
      ]
    },
    {
      "mode": "managed",
      "type": "aws_api_gateway_stage",
      "name": "dev",
      "provider": "provider[\"registry.terraform.io/hashicorp/aws\"]",
      "instances": [
        {
          "schema_version": 0,
          "attributes": {
            "access_log_settings": [],
            "arn": "arn:aws:apigateway:us-east-1::/restapis/jqvrnfo1z4/stages/dev",
            "cache_cluster_enabled": false,
            "cache_cluster_size": "",
            "canary_settings": [],
            "client_certificate_id": "",
            "deployment_id": "pylfg9",
            "description": "",
            "documentation_version": "",
            "execution_arn": "arn:aws:execute-api:us-east-1:891377152062:jqvrnfo1z4/dev",
            "id": "ags-jqvrnfo1z4-dev",
            "invoke_url": "https://jqvrnfo1z4.execute-api.us-east-1.amazonaws.com/dev",
            "rest_api_id": "jqvrnfo1z4",
            "stage_name": "dev",
            "tags": {},
            "tags_all": {},
            "variables": {},
            "web_acl_arn": "",
            "xray_tracing_enabled": false
          },
          "sensitive_attributes": [],
          "private": "bnVsbA==",
          "dependencies": [
            "aws_api_gateway_deployment.dev_deployment",
            "aws_api_gateway_rest_api.rest_api"
          ]
        }
      ]
    },
    {
      "mode": "managed",
      "type": "aws_dynamodb_table",
      "name": "user_table",
      "provider": "provider[\"registry.terraform.io/hashicorp/aws\"]",
      "instances": [
        {
          "schema_version": 1,
          "attributes": {
            "arn": "arn:aws:dynamodb:us-east-1:891377152062:table/users",
            "attribute": [
              {
                "name": "email",
                "type": "S"
              },
              {
                "name": "id",
                "type": "S"
              }
            ],
            "billing_mode": "PROVISIONED",
            "deletion_protection_enabled": false,
            "global_secondary_index": [
              {
                "hash_key": "email",
                "name": "emailPasswordIndex",
                "non_key_attributes": [],
                "projection_type": "ALL",
                "range_key": "",
                "read_capacity": 25,
                "write_capacity": 25
              }
            ],
            "hash_key": "id",
            "id": "users",
            "import_table": [],
            "local_secondary_index": [],
            "name": "users",
            "point_in_time_recovery": [
              {
                "enabled": false
              }
            ],
            "range_key": null,
            "read_capacity": 25,
            "replica": [],
            "restore_date_time": null,
            "restore_source_name": null,
            "restore_to_latest_time": null,
            "server_side_encryption": [],
            "stream_arn": "",
            "stream_enabled": false,
            "stream_label": "",
            "stream_view_type": "",
            "table_class": "STANDARD",
            "tags": {
              "Environment": "production",
              "Name": "user_table"
            },
            "tags_all": {
              "Environment": "production",
              "Name": "user_table"
            },
            "timeouts": null,
            "ttl": [
              {
                "attribute_name": "",
                "enabled": false
              }
            ],
            "write_capacity": 25
          },
          "sensitive_attributes": [],
          "private": "eyJlMmJmYjczMC1lY2FhLTExZTYtOGY4OC0zNDM2M2JjN2M0YzAiOnsiY3JlYXRlIjoxODAwMDAwMDAwMDAwLCJkZWxldGUiOjYwMDAwMDAwMDAwMCwidXBkYXRlIjozNjAwMDAwMDAwMDAwfSwic2NoZW1hX3ZlcnNpb24iOiIxIn0="
        }
      ]
    },
    {
      "mode": "managed",
      "type": "aws_dynamodb_table_item",
      "name": "default_user",
      "provider": "provider[\"registry.terraform.io/hashicorp/aws\"]",
      "instances": [
        {
          "schema_version": 0,
          "attributes": {
            "hash_key": "id",
            "id": "users|id||test_user_id|",
            "item": "{\n  \"id\": {\"S\": \"test_user_id\"},\n  \"email\": {\"S\": \"test@gmail.com\"},\n  \"password\": {\"S\": \"testPassword\"},\n  \"username\": {\"S\": \"TestUsername\"}\n}\n",
            "range_key": null,
            "table_name": "users"
          },
          "sensitive_attributes": [],
          "private": "bnVsbA==",
          "dependencies": [
            "aws_dynamodb_table.user_table"
          ]
        }
      ]
    },
    {
      "mode": "managed",
      "type": "aws_iam_policy",
      "name": "lambda_dynamodb_policy",
      "provider": "provider[\"registry.terraform.io/hashicorp/aws\"]",
      "instances": [
        {
          "schema_version": 0,
          "attributes": {
            "arn": "arn:aws:iam::891377152062:policy/lambda_dynamodb_policy",
            "description": "IAM policy for allowing Lambda function to access DynamoDB",
            "id": "arn:aws:iam::891377152062:policy/lambda_dynamodb_policy",
            "name": "lambda_dynamodb_policy",
            "name_prefix": "",
            "path": "/",
            "policy": "{\"Statement\":[{\"Action\":[\"dynamodb:*\"],\"Effect\":\"Allow\",\"Resource\":\"arn:aws:dynamodb:us-east-1:*:table/*\"}],\"Version\":\"2012-10-17\"}",
            "policy_id": "ANPA47CRX6A7IWMW4FMTC",
            "tags": {},
            "tags_all": {}
          },
          "sensitive_attributes": [],
          "private": "bnVsbA=="
        }
      ]
    },
    {
      "mode": "managed",
      "type": "aws_iam_role",
      "name": "iam_role_for_lambda",
      "provider": "provider[\"registry.terraform.io/hashicorp/aws\"]",
      "instances": [
        {
          "schema_version": 0,
          "attributes": {
            "arn": "arn:aws:iam::891377152062:role/lambda_invoke_role",
            "assume_role_policy": "{\"Statement\":[{\"Action\":\"sts:AssumeRole\",\"Effect\":\"Allow\",\"Principal\":{\"Service\":\"lambda.amazonaws.com\"}}],\"Version\":\"2012-10-17\"}",
            "create_date": "2024-04-18T02:06:52Z",
            "description": "",
            "force_detach_policies": false,
            "id": "lambda_invoke_role",
            "inline_policy": [],
            "managed_policy_arns": [
              "arn:aws:iam::891377152062:policy/lambda_dynamodb_policy",
              "arn:aws:iam::aws:policy/service-role/AWSLambdaBasicExecutionRole"
            ],
            "max_session_duration": 3600,
            "name": "lambda_invoke_role",
            "name_prefix": "",
            "path": "/",
            "permissions_boundary": "",
            "tags": {},
            "tags_all": {},
            "unique_id": "AROA47CRX6A7KDD6ZQUWJ"
          },
          "sensitive_attributes": [],
          "private": "bnVsbA=="
        }
      ]
    },
    {
      "mode": "managed",
      "type": "aws_iam_role_policy_attachment",
      "name": "invoke_lambda_policy",
      "provider": "provider[\"registry.terraform.io/hashicorp/aws\"]",
      "instances": [
        {
          "schema_version": 0,
          "attributes": {
            "id": "lambda_invoke_role-20240418020654000400000002",
            "policy_arn": "arn:aws:iam::aws:policy/service-role/AWSLambdaBasicExecutionRole",
            "role": "lambda_invoke_role"
          },
          "sensitive_attributes": [],
          "private": "bnVsbA==",
          "dependencies": [
            "aws_iam_role.iam_role_for_lambda"
          ]
        }
      ]
    },
    {
      "mode": "managed",
      "type": "aws_iam_role_policy_attachment",
      "name": "lambda_dynamodb_policy_attachment",
      "provider": "provider[\"registry.terraform.io/hashicorp/aws\"]",
      "instances": [
        {
          "schema_version": 0,
          "attributes": {
            "id": "lambda_invoke_role-20240418020653993400000001",
            "policy_arn": "arn:aws:iam::891377152062:policy/lambda_dynamodb_policy",
            "role": "lambda_invoke_role"
          },
          "sensitive_attributes": [],
          "private": "bnVsbA==",
          "dependencies": [
            "aws_iam_policy.lambda_dynamodb_policy",
            "aws_iam_role.iam_role_for_lambda"
          ]
        }
      ]
    },
    {
      "mode": "managed",
      "type": "aws_lambda_function",
      "name": "lambda_functions",
      "provider": "provider[\"registry.terraform.io/hashicorp/aws\"]",
      "instances": [
        {
          "index_key": "login",
          "schema_version": 0,
          "attributes": {
            "architectures": [
              "x86_64"
            ],
            "arn": "arn:aws:lambda:us-east-1:891377152062:function:login",
            "code_signing_config_arn": "",
            "dead_letter_config": [],
            "description": "",
            "environment": [],
            "ephemeral_storage": [
              {
                "size": 512
              }
            ],
            "file_system_config": [],
            "filename": null,
            "function_name": "login",
            "handler": "org.example.handlers.login.LoginHandler::handleRequest",
            "id": "login",
            "image_config": [],
            "image_uri": "",
            "invoke_arn": "arn:aws:apigateway:us-east-1:lambda:path/2015-03-31/functions/arn:aws:lambda:us-east-1:891377152062:function:login/invocations",
            "kms_key_arn": "",
            "last_modified": "2024-04-18T22:25:13.000+0000",
            "layers": [],
            "logging_config": [
              {
                "application_log_level": "",
                "log_format": "Text",
                "log_group": "/aws/lambda/login",
                "system_log_level": ""
              }
            ],
            "memory_size": 512,
            "package_type": "Zip",
            "publish": false,
            "qualified_arn": "arn:aws:lambda:us-east-1:891377152062:function:login:$LATEST",
            "qualified_invoke_arn": "arn:aws:apigateway:us-east-1:lambda:path/2015-03-31/functions/arn:aws:lambda:us-east-1:891377152062:function:login:$LATEST/invocations",
            "replace_security_groups_on_destroy": null,
            "replacement_security_group_ids": null,
            "reserved_concurrent_executions": -1,
            "role": "arn:aws:iam::891377152062:role/lambda_invoke_role",
            "runtime": "java17",
            "s3_bucket": "lambda-wealthy-aphid",
            "s3_key": "chess.jar",
            "s3_object_version": null,
            "signing_job_arn": "",
            "signing_profile_version_arn": "",
            "skip_destroy": false,
            "snap_start": [],
            "source_code_hash": "S4MGO/0srumpF1X2GAKQ9E1RtB/tIIEfvHQ0tRU7YQ0=",
            "source_code_size": 24579250,
            "tags": {},
            "tags_all": {},
            "timeout": 30,
            "timeouts": null,
            "tracing_config": [
              {
                "mode": "PassThrough"
              }
            ],
            "version": "$LATEST",
            "vpc_config": []
          },
          "sensitive_attributes": [],
          "private": "eyJlMmJmYjczMC1lY2FhLTExZTYtOGY4OC0zNDM2M2JjN2M0YzAiOnsiY3JlYXRlIjo2MDAwMDAwMDAwMDAsImRlbGV0ZSI6NjAwMDAwMDAwMDAwLCJ1cGRhdGUiOjYwMDAwMDAwMDAwMH19",
          "dependencies": [
            "aws_iam_role.iam_role_for_lambda",
            "aws_s3_bucket.lambda_bucket",
            "aws_s3_object.project_jar",
            "random_pet.lambda_bucket_name"
          ]
        },
        {
          "index_key": "logout",
          "schema_version": 0,
          "attributes": {
            "architectures": [
              "x86_64"
            ],
            "arn": "arn:aws:lambda:us-east-1:891377152062:function:logout",
            "code_signing_config_arn": "",
            "dead_letter_config": [],
            "description": "",
            "environment": [],
            "ephemeral_storage": [
              {
                "size": 512
              }
            ],
            "file_system_config": [],
            "filename": null,
            "function_name": "logout",
            "handler": "org.example.handlers.logout.LogoutHandler::handleRequest",
            "id": "logout",
            "image_config": [],
            "image_uri": "",
            "invoke_arn": "arn:aws:apigateway:us-east-1:lambda:path/2015-03-31/functions/arn:aws:lambda:us-east-1:891377152062:function:logout/invocations",
            "kms_key_arn": "",
            "last_modified": "2024-04-18T22:25:13.000+0000",
            "layers": [],
            "logging_config": [
              {
                "application_log_level": "",
                "log_format": "Text",
                "log_group": "/aws/lambda/logout",
                "system_log_level": ""
              }
            ],
            "memory_size": 512,
            "package_type": "Zip",
            "publish": false,
            "qualified_arn": "arn:aws:lambda:us-east-1:891377152062:function:logout:$LATEST",
            "qualified_invoke_arn": "arn:aws:apigateway:us-east-1:lambda:path/2015-03-31/functions/arn:aws:lambda:us-east-1:891377152062:function:logout:$LATEST/invocations",
            "replace_security_groups_on_destroy": null,
            "replacement_security_group_ids": null,
            "reserved_concurrent_executions": -1,
            "role": "arn:aws:iam::891377152062:role/lambda_invoke_role",
            "runtime": "java17",
            "s3_bucket": "lambda-wealthy-aphid",
            "s3_key": "chess.jar",
            "s3_object_version": null,
            "signing_job_arn": "",
            "signing_profile_version_arn": "",
            "skip_destroy": false,
            "snap_start": [],
            "source_code_hash": "S4MGO/0srumpF1X2GAKQ9E1RtB/tIIEfvHQ0tRU7YQ0=",
            "source_code_size": 24579250,
            "tags": {},
            "tags_all": {},
            "timeout": 30,
            "timeouts": null,
            "tracing_config": [
              {
                "mode": "PassThrough"
              }
            ],
            "version": "$LATEST",
            "vpc_config": []
          },
          "sensitive_attributes": [],
          "private": "eyJlMmJmYjczMC1lY2FhLTExZTYtOGY4OC0zNDM2M2JjN2M0YzAiOnsiY3JlYXRlIjo2MDAwMDAwMDAwMDAsImRlbGV0ZSI6NjAwMDAwMDAwMDAwLCJ1cGRhdGUiOjYwMDAwMDAwMDAwMH19",
          "dependencies": [
            "aws_iam_role.iam_role_for_lambda",
            "aws_s3_bucket.lambda_bucket",
            "aws_s3_object.project_jar",
            "random_pet.lambda_bucket_name"
          ]
        }
      ]
    },
    {
      "mode": "managed",
      "type": "aws_lambda_permission",
      "name": "lambda_permission",
      "provider": "provider[\"registry.terraform.io/hashicorp/aws\"]",
      "instances": [
        {
          "index_key": "login",
          "schema_version": 0,
          "attributes": {
            "action": "lambda:InvokeFunction",
            "event_source_token": null,
            "function_name": "login",
            "function_url_auth_type": null,
            "id": "terraform-20240418020654410700000004",
            "principal": "apigateway.amazonaws.com",
            "principal_org_id": null,
            "qualifier": "",
            "source_account": null,
            "source_arn": "arn:aws:execute-api:us-east-1:891377152062:jqvrnfo1z4/*",
            "statement_id": "terraform-20240418020654410700000004",
            "statement_id_prefix": "terraform-"
          },
          "sensitive_attributes": [],
          "private": "bnVsbA==",
          "dependencies": [
            "aws_api_gateway_rest_api.rest_api"
          ]
        },
        {
          "index_key": "logout",
          "schema_version": 0,
          "attributes": {
            "action": "lambda:InvokeFunction",
            "event_source_token": null,
            "function_name": "logout",
            "function_url_auth_type": null,
            "id": "terraform-20240418020654410200000003",
            "principal": "apigateway.amazonaws.com",
            "principal_org_id": null,
            "qualifier": "",
            "source_account": null,
            "source_arn": "arn:aws:execute-api:us-east-1:891377152062:jqvrnfo1z4/*",
            "statement_id": "terraform-20240418020654410200000003",
            "statement_id_prefix": "terraform-"
          },
          "sensitive_attributes": [],
          "private": "bnVsbA==",
          "dependencies": [
            "aws_api_gateway_rest_api.rest_api"
          ]
        }
      ]
    },
    {
      "mode": "managed",
      "type": "aws_s3_bucket",
      "name": "lambda_bucket",
      "provider": "provider[\"registry.terraform.io/hashicorp/aws\"]",
      "instances": [
        {
          "schema_version": 0,
          "attributes": {
            "acceleration_status": "",
            "acl": null,
            "arn": "arn:aws:s3:::lambda-wealthy-aphid",
            "bucket": "lambda-wealthy-aphid",
            "bucket_domain_name": "lambda-wealthy-aphid.s3.amazonaws.com",
            "bucket_prefix": "",
            "bucket_regional_domain_name": "lambda-wealthy-aphid.s3.us-east-1.amazonaws.com",
            "cors_rule": [],
            "force_destroy": true,
            "grant": [
              {
                "id": "6612752e1f601896e0dcda2681fb61c010e3f0a0148a38cad63105f93d52ea74",
                "permissions": [
                  "FULL_CONTROL"
                ],
                "type": "CanonicalUser",
                "uri": ""
              }
            ],
            "hosted_zone_id": "Z3AQBSTGFYJSTF",
            "id": "lambda-wealthy-aphid",
            "lifecycle_rule": [],
            "logging": [],
            "object_lock_configuration": [],
            "object_lock_enabled": false,
            "policy": "",
            "region": "us-east-1",
            "replication_configuration": [],
            "request_payer": "BucketOwner",
            "server_side_encryption_configuration": [
              {
                "rule": [
                  {
                    "apply_server_side_encryption_by_default": [
                      {
                        "kms_master_key_id": "",
                        "sse_algorithm": "AES256"
                      }
                    ],
                    "bucket_key_enabled": false
                  }
                ]
              }
            ],
            "tags": {},
            "tags_all": {},
            "timeouts": null,
            "versioning": [
              {
                "enabled": false,
                "mfa_delete": false
              }
            ],
            "website": [],
            "website_domain": null,
            "website_endpoint": null
          },
          "sensitive_attributes": [],
          "private": "eyJlMmJmYjczMC1lY2FhLTExZTYtOGY4OC0zNDM2M2JjN2M0YzAiOnsiY3JlYXRlIjoxMjAwMDAwMDAwMDAwLCJkZWxldGUiOjM2MDAwMDAwMDAwMDAsInJlYWQiOjEyMDAwMDAwMDAwMDAsInVwZGF0ZSI6MTIwMDAwMDAwMDAwMH19",
          "dependencies": [
            "random_pet.lambda_bucket_name"
          ]
        }
      ]
    },
    {
      "mode": "managed",
      "type": "aws_s3_bucket_public_access_block",
      "name": "lambda_bucket",
      "provider": "provider[\"registry.terraform.io/hashicorp/aws\"]",
      "instances": [
        {
          "schema_version": 0,
          "attributes": {
            "block_public_acls": true,
            "block_public_policy": true,
            "bucket": "lambda-wealthy-aphid",
            "id": "lambda-wealthy-aphid",
            "ignore_public_acls": true,
            "restrict_public_buckets": true
          },
          "sensitive_attributes": [],
          "private": "bnVsbA==",
          "dependencies": [
            "aws_s3_bucket.lambda_bucket",
            "random_pet.lambda_bucket_name"
          ]
        }
      ]
    },
    {
      "mode": "managed",
      "type": "aws_s3_object",
      "name": "project_jar",
      "provider": "provider[\"registry.terraform.io/hashicorp/aws\"]",
      "instances": [
        {
          "schema_version": 0,
          "attributes": {
            "acl": null,
            "arn": "arn:aws:s3:::lambda-wealthy-aphid/chess.jar",
            "bucket": "lambda-wealthy-aphid",
            "bucket_key_enabled": false,
            "cache_control": "",
            "checksum_algorithm": null,
            "checksum_crc32": "",
            "checksum_crc32c": "",
            "checksum_sha1": "",
            "checksum_sha256": "",
            "content": null,
            "content_base64": null,
            "content_disposition": "",
            "content_encoding": "",
            "content_language": "",
            "content_type": "jar",
            "etag": "7fa1062be14fc977f7d9a50db56c7981-5",
            "force_destroy": false,
            "id": "chess.jar",
            "key": "chess.jar",
            "kms_key_id": null,
            "metadata": {},
            "object_lock_legal_hold_status": "",
            "object_lock_mode": "",
            "object_lock_retain_until_date": "",
            "override_provider": [],
            "server_side_encryption": "AES256",
            "source": "../.././target/chess-cloud-1.0-SNAPSHOT.jar",
            "source_hash": null,
            "storage_class": "STANDARD",
            "tags": {},
            "tags_all": {},
            "version_id": "",
            "website_redirect": ""
          },
          "sensitive_attributes": [],
          "private": "bnVsbA==",
          "dependencies": [
            "aws_s3_bucket.lambda_bucket",
            "random_pet.lambda_bucket_name"
          ]
        }
      ]
    },
    {
      "mode": "managed",
      "type": "random_pet",
      "name": "lambda_bucket_name",
      "provider": "provider[\"registry.terraform.io/hashicorp/random\"]",
      "instances": [
        {
          "schema_version": 0,
          "attributes": {
            "id": "lambda-wealthy-aphid",
            "keepers": null,
            "length": 2,
            "prefix": "lambda",
            "separator": "-"
          },
          "sensitive_attributes": []
        }
      ]
    }
  ],
  "check_results": null
}
